{
  "nodes": {
    "emacs-overlay": {
      "inputs": {
        "nixpkgs": [
          "nixpkgs"
        ],
        "nixpkgs-stable": [
          "nixpkgs"
        ]
      },
      "locked": {
        "lastModified": 1764725312,
        "narHash": "sha256-+jEFxYlcH/GfjLT80vLrClxvWBt5rB/1nfN40wDVmGQ=",
        "owner": "nix-community",
        "repo": "emacs-overlay",
        "rev": "a73bcb3e0064e19bbc71170236c92bd8e3faece0",
        "type": "github"
      },
      "original": {
        "owner": "nix-community",
        "repo": "emacs-overlay",
        "type": "github"
      }
    },
    "home-manager": {
      "inputs": {
        "nixpkgs": [
          "nixpkgs"
        ]
      },
      "locked": {
        "lastModified": 1764613336,
        "narHash": "sha256-L979az28t/+SXvYw9qhOno5HLlDwkZOpz6LzCLnjmRM=",
        "owner": "nix-community",
        "repo": "home-manager",
        "rev": "f3902b5d8767985680875ad86d028371100faeb3",
        "type": "github"
      },
      "original": {
        "owner": "nix-community",
        "ref": "release-25.11",
        "repo": "home-manager",
        "type": "github"
      }
    },
    "nix-darwin": {
      "inputs": {
        "nixpkgs": [
          "nixpkgs"
        ]
      },
      "locked": {
        "lastModified": 1764161084,
        "narHash": "sha256-HN84sByg9FhJnojkGGDSrcjcbeioFWoNXfuyYfJ1kBE=",
        "rev": "e95de00a471d07435e0527ff4db092c84998698e",
        "revCount": 2287,
        "type": "tarball",
        "url": "https://api.flakehub.com/f/pinned/nix-darwin/nix-darwin/0.2511.2287%2Brev-e95de00a471d07435e0527ff4db092c84998698e/019ad817-d676-79ba-be26-d3837bb1b7af/source.tar.gz"
      },
      "original": {
        "type": "tarball",
        "url": "https://flakehub.com/f/nix-darwin/nix-darwin/0.2511"
      }
    },
    "nixpkgs": {
      "locked": {
        "lastModified": 1764522689,
        "narHash": "sha256-SqUuBFjhl/kpDiVaKLQBoD8TLD+/cTUzzgVFoaHrkqY=",
        "rev": "8bb5646e0bed5dbd3ab08c7a7cc15b75ab4e1d0f",
        "revCount": 902477,
        "type": "tarball",
        "url": "https://api.flakehub.com/f/pinned/NixOS/nixpkgs/0.2511.902477%2Brev-8bb5646e0bed5dbd3ab08c7a7cc15b75ab4e1d0f/019adb02-05a7-7ad2-9f74-6687e899006d/source.tar.gz"
      },
      "original": {
        "type": "tarball",
        "url": "https://flakehub.com/f/NixOS/nixpkgs/0.2511"
      }
    },
    "root": {
      "inputs": {
        "emacs-overlay": "emacs-overlay",
        "home-manager": "home-manager",
        "nix-darwin": "nix-darwin",
        "nixpkgs": "nixpkgs"
      }
    }
  },
  "root": "root",
  "version": 7
}
